
Microsoft Visual Studio Solution File, Format Version 12.00
# Visual Studio 15
VisualStudioVersion = 15.0.28010.2019
MinimumVisualStudioVersion = 10.0.40219.1
Project("{FAE04EC0-301F-11D3-BF4B-00C04F79EFBC}") = "PDVWebCore", "PDVWebCore\PDVWebCore.csproj", "{BDBF255C-E815-4E19-9DBE-0160AD399D5F}"
EndProject
Global
	GlobalSection(SolutionConfigurationPlatforms) = preSolution
		Debug|Any CPU = Debug|Any CPU
		Release|Any CPU = Release|Any CPU
	EndGlobalSection
	GlobalSection(ProjectConfigurationPlatforms) = postSolution
		{BDBF255C-E815-4E19-9DBE-0160AD399D5F}.Debug|Any CPU.ActiveCfg = Debug|Any CPU
		{BDBF255C-E815-4E19-9DBE-0160AD399D5F}.Debug|Any CPU.Build.0 = Debug|Any CPU
		{BDBF255C-E815-4E19-9DBE-0160AD399D5F}.Release|Any CPU.ActiveCfg = Release|Any CPU
		{BDBF255C-E815-4E19-9DBE-0160AD399D5F}.Release|Any CPU.Build.0 = Release|Any CPU
	EndGlobalSection
	GlobalSection(SolutionProperties) = preSolution
		HideSolutionNode = FALSE
	EndGlobalSection
	GlobalSection(ExtensibilityGlobals) = postSolution
		SolutionGuid = {B38E748C-0A3C-4330-88E8-39940F8CEA83}
	EndGlobalSection
EndGlobal
